
Microsoft Visual Studio Solution File, Format Version 12.00
# Visual Studio Version 17
VisualStudioVersion = 17.4.33213.308
MinimumVisualStudioVersion = 10.0.40219.1
Project("{FAE04EC0-301F-11D3-BF4B-00C04F79EFBC}") = "Test Project", "Test Project\Test Project.csproj", "{0343E75A-FBA3-4625-BF46-D8F2A153C90B}"
EndProject
Global
	GlobalSection(SolutionConfigurationPlatforms) = preSolution
		Debug|Any CPU = Debug|Any CPU
		Release|Any CPU = Release|Any CPU
	EndGlobalSection
	GlobalSection(ProjectConfigurationPlatforms) = postSolution
		{0343E75A-FBA3-4625-BF46-D8F2A153C90B}.Debug|Any CPU.ActiveCfg = Debug|Any CPU
		{0343E75A-FBA3-4625-BF46-D8F2A153C90B}.Debug|Any CPU.Build.0 = Debug|Any CPU
		{0343E75A-FBA3-4625-BF46-D8F2A153C90B}.Release|Any CPU.ActiveCfg = Release|Any CPU
		{0343E75A-FBA3-4625-BF46-D8F2A153C90B}.Release|Any CPU.Build.0 = Release|Any CPU
	EndGlobalSection
	GlobalSection(SolutionProperties) = preSolution
		HideSolutionNode = FALSE
	EndGlobalSection
	GlobalSection(ExtensibilityGlobals) = postSolution
		SolutionGuid = {8F36E4A5-EA49-458A-914F-E2F0D7F69C13}
	EndGlobalSection
EndGlobal
